
Microsoft Visual Studio Solution File, Format Version 12.00
# Visual Studio Version 16
VisualStudioVersion = 16.0.31205.134
MinimumVisualStudioVersion = 10.0.40219.1
Project("{FAE04EC0-301F-11D3-BF4B-00C04F79EFBC}") = "SimplePaint", "SimplePaint\SimplePaint.csproj", "{08E9BA85-747C-4317-9470-C72697EC939C}"
EndProject
Global
	GlobalSection(SolutionConfigurationPlatforms) = preSolution
		Debug|Any CPU = Debug|Any CPU
		Release|Any CPU = Release|Any CPU
	EndGlobalSection
	GlobalSection(ProjectConfigurationPlatforms) = postSolution
		{08E9BA85-747C-4317-9470-C72697EC939C}.Debug|Any CPU.ActiveCfg = Debug|Any CPU
		{08E9BA85-747C-4317-9470-C72697EC939C}.Debug|Any CPU.Build.0 = Debug|Any CPU
		{08E9BA85-747C-4317-9470-C72697EC939C}.Release|Any CPU.ActiveCfg = Release|Any CPU
		{08E9BA85-747C-4317-9470-C72697EC939C}.Release|Any CPU.Build.0 = Release|Any CPU
	EndGlobalSection
	GlobalSection(SolutionProperties) = preSolution
		HideSolutionNode = FALSE
	EndGlobalSection
	GlobalSection(ExtensibilityGlobals) = postSolution
		SolutionGuid = {FDD34C6B-F408-4594-ABD5-2767B700B75B}
	EndGlobalSection
EndGlobal
